
Microsoft Visual Studio Solution File, Format Version 12.00
# Visual Studio Version 17
VisualStudioVersion = 17.0.31903.59
MinimumVisualStudioVersion = 10.0.40219.1
Project("{2150E333-8FDC-42A3-9474-1A3956D46DE8}") = "src", "src", "{B5754677-4DC1-4C95-BEDF-EF69A7BFA388}"
EndProject
Project("{F2A71F9B-5D33-465A-A702-920D77279786}") = "pipes.fs.App", "src\pipes.fs.App\pipes.fs.App.fsproj", "{99A529E5-F74A-4DC8-B1D8-A43E822D434A}"
EndProject
Project("{2150E333-8FDC-42A3-9474-1A3956D46DE8}") = "tests", "tests", "{1253722F-87DB-42D3-B100-DDED73CBC169}"
EndProject
Project("{F2A71F9B-5D33-465A-A702-920D77279786}") = "pipes.fs.Tests", "tests\pipes.fs.Tests\pipes.fs.Tests.fsproj", "{C376CCBE-F6E1-4F1E-8013-9B27ACF713E2}"
EndProject
Project("{F2A71F9B-5D33-465A-A702-920D77279786}") = "pipes.fs.Domain", "src\pipes.fs.Domain\pipes.fs.Domain.fsproj", "{18C483FE-53C8-4582-B25B-3656F2779D60}"
EndProject
Project("{F2A71F9B-5D33-465A-A702-920D77279786}") = "pipes.fs.Engine", "src\pipes.fs.Engine\pipes.fs.Engine.fsproj", "{8CBBB015-4F92-4762-AF5E-3131B6E63BBD}"
EndProject
Global
	GlobalSection(SolutionConfigurationPlatforms) = preSolution
		Debug|Any CPU = Debug|Any CPU
		Release|Any CPU = Release|Any CPU
	EndGlobalSection
	GlobalSection(SolutionProperties) = preSolution
		HideSolutionNode = FALSE
	EndGlobalSection
	GlobalSection(ProjectConfigurationPlatforms) = postSolution
		{99A529E5-F74A-4DC8-B1D8-A43E822D434A}.Debug|Any CPU.ActiveCfg = Debug|Any CPU
		{99A529E5-F74A-4DC8-B1D8-A43E822D434A}.Debug|Any CPU.Build.0 = Debug|Any CPU
		{99A529E5-F74A-4DC8-B1D8-A43E822D434A}.Release|Any CPU.ActiveCfg = Release|Any CPU
		{99A529E5-F74A-4DC8-B1D8-A43E822D434A}.Release|Any CPU.Build.0 = Release|Any CPU
		{C376CCBE-F6E1-4F1E-8013-9B27ACF713E2}.Debug|Any CPU.ActiveCfg = Debug|Any CPU
		{C376CCBE-F6E1-4F1E-8013-9B27ACF713E2}.Debug|Any CPU.Build.0 = Debug|Any CPU
		{C376CCBE-F6E1-4F1E-8013-9B27ACF713E2}.Release|Any CPU.ActiveCfg = Release|Any CPU
		{C376CCBE-F6E1-4F1E-8013-9B27ACF713E2}.Release|Any CPU.Build.0 = Release|Any CPU
		{18C483FE-53C8-4582-B25B-3656F2779D60}.Debug|Any CPU.ActiveCfg = Debug|Any CPU
		{18C483FE-53C8-4582-B25B-3656F2779D60}.Debug|Any CPU.Build.0 = Debug|Any CPU
		{18C483FE-53C8-4582-B25B-3656F2779D60}.Release|Any CPU.ActiveCfg = Release|Any CPU
		{18C483FE-53C8-4582-B25B-3656F2779D60}.Release|Any CPU.Build.0 = Release|Any CPU
		{8CBBB015-4F92-4762-AF5E-3131B6E63BBD}.Debug|Any CPU.ActiveCfg = Debug|Any CPU
		{8CBBB015-4F92-4762-AF5E-3131B6E63BBD}.Debug|Any CPU.Build.0 = Debug|Any CPU
		{8CBBB015-4F92-4762-AF5E-3131B6E63BBD}.Release|Any CPU.ActiveCfg = Release|Any CPU
		{8CBBB015-4F92-4762-AF5E-3131B6E63BBD}.Release|Any CPU.Build.0 = Release|Any CPU
	EndGlobalSection
	GlobalSection(NestedProjects) = preSolution
		{99A529E5-F74A-4DC8-B1D8-A43E822D434A} = {B5754677-4DC1-4C95-BEDF-EF69A7BFA388}
		{C376CCBE-F6E1-4F1E-8013-9B27ACF713E2} = {1253722F-87DB-42D3-B100-DDED73CBC169}
		{18C483FE-53C8-4582-B25B-3656F2779D60} = {B5754677-4DC1-4C95-BEDF-EF69A7BFA388}
		{8CBBB015-4F92-4762-AF5E-3131B6E63BBD} = {B5754677-4DC1-4C95-BEDF-EF69A7BFA388}
	EndGlobalSection
EndGlobal
